
Microsoft Visual Studio Solution File, Format Version 12.00
# Visual Studio Version 17
VisualStudioVersion = 17.9.34728.123
MinimumVisualStudioVersion = 10.0.40219.1
Project("{8BC9CEB8-8B4A-11D0-8D11-00A0C91BC942}") = "FrontiersAnimDecompress", "FrontiersAnimDecompress\FrontiersAnimDecompress.vcxproj", "{12CD1022-C385-481F-BC4B-7C038596B6FA}"
EndProject
Global
	GlobalSection(SolutionConfigurationPlatforms) = preSolution
		Debug|Win32 = Debug|Win32
		Debug|x64 = Debug|x64
		Release|Win32 = Release|Win32
		Release|x64 = Release|x64
	EndGlobalSection
	GlobalSection(ProjectConfigurationPlatforms) = postSolution
		{12CD1022-C385-481F-BC4B-7C038596B6FA}.Debug|Win32.ActiveCfg = Debug|Win32
		{12CD1022-C385-481F-BC4B-7C038596B6FA}.Debug|Win32.Build.0 = Debug|Win32
		{12CD1022-C385-481F-BC4B-7C038596B6FA}.Debug|x64.ActiveCfg = Release|x64
		{12CD1022-C385-481F-BC4B-7C038596B6FA}.Debug|x64.Build.0 = Release|x64
		{12CD1022-C385-481F-BC4B-7C038596B6FA}.Release|Win32.ActiveCfg = Release|x64
		{12CD1022-C385-481F-BC4B-7C038596B6FA}.Release|Win32.Build.0 = Release|x64
		{12CD1022-C385-481F-BC4B-7C038596B6FA}.Release|x64.ActiveCfg = Release|x64
		{12CD1022-C385-481F-BC4B-7C038596B6FA}.Release|x64.Build.0 = Release|x64
	EndGlobalSection
	GlobalSection(SolutionProperties) = preSolution
		HideSolutionNode = FALSE
	EndGlobalSection
	GlobalSection(ExtensibilityGlobals) = postSolution
		SolutionGuid = {06167EE7-CC40-4B32-ADB9-F9001BD32678}
	EndGlobalSection
EndGlobal
