<?xml version="1.0" encoding="utf-8"?>
<Project ToolsVersion="4.0" xmlns="http://schemas.microsoft.com/developer/msbuild/2003">
  <ItemGroup>
    <Filter Include="Source Files">
      <UniqueIdentifier>{4FC737F1-C7A5-4376-A066-2A32D752A2FF}</UniqueIdentifier>
      <Extensions>cpp;c;cc;cxx;def;odl;idl;hpj;bat;asm;asmx</Extensions>
    </Filter>
    <Filter Include="Header Files">
      <UniqueIdentifier>{93995380-89BD-4b04-88EB-625FBE52EBFB}</UniqueIdentifier>
      <Extensions>h;hh;hpp;hxx;hm;inl;inc;ipp;xsd</Extensions>
    </Filter>
    <Filter Include="Resource Files">
      <UniqueIdentifier>{67DA6AB6-F800-4c08-8B7A-83BB121AAD01}</UniqueIdentifier>
      <Extensions>rc;ico;cur;bmp;dlg;rc2;rct;bin;rgs;gif;jpg;jpeg;jpe;resx;tiff;tif;png;wav;mfcribbon-ms</Extensions>
    </Filter>
  </ItemGroup>
  <ItemGroup>
    <ClCompile Include="FrontiersAnimDecompress.cpp">
      <Filter>Source Files</Filter>
    </ClCompile>
  </ItemGroup>
  <ItemGroup>
    <ClInclude Include="includes\acl\compression\compress.h">
      <Filter>Header Files</Filter>
    </ClInclude>
    <ClInclude Include="includes\acl\compression\compression_level.h">
      <Filter>Header Files</Filter>
    </ClInclude>
    <ClInclude Include="includes\acl\compression\compression_settings.h">
      <Filter>Header Files</Filter>
    </ClInclude>
    <ClInclude Include="includes\acl\compression\convert.h">
      <Filter>Header Files</Filter>
    </ClInclude>
    <ClInclude Include="includes\acl\compression\fwd.h">
      <Filter>Header Files</Filter>
    </ClInclude>
    <ClInclude Include="includes\acl\compression\impl\animated_track_utils.h">
      <Filter>Header Files</Filter>
    </ClInclude>
    <ClInclude Include="includes\acl\compression\impl\clip_context.h">
      <Filter>Header Files</Filter>
    </ClInclude>
    <ClInclude Include="includes\acl\compression\impl\compact_constant_streams.h">
      <Filter>Header Files</Filter>
    </ClInclude>
    <ClInclude Include="includes\acl\compression\impl\compress.database.impl.h">
      <Filter>Header Files</Filter>
    </ClInclude>
    <ClInclude Include="includes\acl\compression\impl\compress.impl.h">
      <Filter>Header Files</Filter>
    </ClInclude>
    <ClInclude Include="includes\acl\compression\impl\compress.scalar.impl.h">
      <Filter>Header Files</Filter>
    </ClInclude>
    <ClInclude Include="includes\acl\compression\impl\compress.transform.impl.h">
      <Filter>Header Files</Filter>
    </ClInclude>
    <ClInclude Include="includes\acl\compression\impl\compression_settings.impl.h">
      <Filter>Header Files</Filter>
    </ClInclude>
    <ClInclude Include="includes\acl\compression\impl\constant_track_impl.h">
      <Filter>Header Files</Filter>
    </ClInclude>
    <ClInclude Include="includes\acl\compression\impl\convert.impl.h">
      <Filter>Header Files</Filter>
    </ClInclude>
    <ClInclude Include="includes\acl\compression\impl\convert_rotation_streams.h">
      <Filter>Header Files</Filter>
    </ClInclude>
    <ClInclude Include="includes\acl\compression\impl\normalize_streams.h">
      <Filter>Header Files</Filter>
    </ClInclude>
    <ClInclude Include="includes\acl\compression\impl\normalize_track_impl.h">
      <Filter>Header Files</Filter>
    </ClInclude>
    <ClInclude Include="includes\acl\compression\impl\optimize_looping.h">
      <Filter>Header Files</Filter>
    </ClInclude>
    <ClInclude Include="includes\acl\compression\impl\quantize_streams.h">
      <Filter>Header Files</Filter>
    </ClInclude>
    <ClInclude Include="includes\acl\compression\impl\quantize_track_impl.h">
      <Filter>Header Files</Filter>
    </ClInclude>
    <ClInclude Include="includes\acl\compression\impl\sample_streams.h">
      <Filter>Header Files</Filter>
    </ClInclude>
    <ClInclude Include="includes\acl\compression\impl\segment_context.h">
      <Filter>Header Files</Filter>
    </ClInclude>
    <ClInclude Include="includes\acl\compression\impl\segment_streams.h">
      <Filter>Header Files</Filter>
    </ClInclude>
    <ClInclude Include="includes\acl\compression\impl\track.impl.h">
      <Filter>Header Files</Filter>
    </ClInclude>
    <ClInclude Include="includes\acl\compression\impl\track_array.impl.h">
      <Filter>Header Files</Filter>
    </ClInclude>
    <ClInclude Include="includes\acl\compression\impl\track_bit_rate_database.h">
      <Filter>Header Files</Filter>
    </ClInclude>
    <ClInclude Include="includes\acl\compression\impl\track_error.impl.h">
      <Filter>Header Files</Filter>
    </ClInclude>
    <ClInclude Include="includes\acl\compression\impl\track_list_context.h">
      <Filter>Header Files</Filter>
    </ClInclude>
    <ClInclude Include="includes\acl\compression\impl\track_range.h">
      <Filter>Header Files</Filter>
    </ClInclude>
    <ClInclude Include="includes\acl\compression\impl\track_range_impl.h">
      <Filter>Header Files</Filter>
    </ClInclude>
    <ClInclude Include="includes\acl\compression\impl\track_stream.h">
      <Filter>Header Files</Filter>
    </ClInclude>
    <ClInclude Include="includes\acl\compression\impl\transform_bit_rate_permutations.h">
      <Filter>Header Files</Filter>
    </ClInclude>
    <ClInclude Include="includes\acl\compression\impl\write_compression_stats_impl.h">
      <Filter>Header Files</Filter>
    </ClInclude>
    <ClInclude Include="includes\acl\compression\impl\write_range_data.h">
      <Filter>Header Files</Filter>
    </ClInclude>
    <ClInclude Include="includes\acl\compression\impl\write_segment_data.h">
      <Filter>Header Files</Filter>
    </ClInclude>
    <ClInclude Include="includes\acl\compression\impl\write_stats.h">
      <Filter>Header Files</Filter>
    </ClInclude>
    <ClInclude Include="includes\acl\compression\impl\write_stream_data.h">
      <Filter>Header Files</Filter>
    </ClInclude>
    <ClInclude Include="includes\acl\compression\impl\write_sub_track_types.h">
      <Filter>Header Files</Filter>
    </ClInclude>
    <ClInclude Include="includes\acl\compression\impl\write_track_data_impl.h">
      <Filter>Header Files</Filter>
    </ClInclude>
    <ClInclude Include="includes\acl\compression\impl\write_track_metadata.h">
      <Filter>Header Files</Filter>
    </ClInclude>
    <ClInclude Include="includes\acl\compression\output_stats.h">
      <Filter>Header Files</Filter>
    </ClInclude>
    <ClInclude Include="includes\acl\compression\track.h">
      <Filter>Header Files</Filter>
    </ClInclude>
    <ClInclude Include="includes\acl\compression\track_array.h">
      <Filter>Header Files</Filter>
    </ClInclude>
    <ClInclude Include="includes\acl\compression\track_error.h">
      <Filter>Header Files</Filter>
    </ClInclude>
    <ClInclude Include="includes\acl\compression\transform_error_metrics.h">
      <Filter>Header Files</Filter>
    </ClInclude>
    <ClInclude Include="includes\acl\compression\transform_pose_utils.h">
      <Filter>Header Files</Filter>
    </ClInclude>
    <ClInclude Include="includes\acl\core\additive_utils.h">
      <Filter>Header Files</Filter>
    </ClInclude>
    <ClInclude Include="includes\acl\core\algorithm_types.h">
      <Filter>Header Files</Filter>
    </ClInclude>
    <ClInclude Include="includes\acl\core\ansi_allocator.h">
      <Filter>Header Files</Filter>
    </ClInclude>
    <ClInclude Include="includes\acl\core\bitset.h">
      <Filter>Header Files</Filter>
    </ClInclude>
    <ClInclude Include="includes\acl\core\bit_manip_utils.h">
      <Filter>Header Files</Filter>
    </ClInclude>
    <ClInclude Include="includes\acl\core\buffer_tag.h">
      <Filter>Header Files</Filter>
    </ClInclude>
    <ClInclude Include="includes\acl\core\compressed_database.h">
      <Filter>Header Files</Filter>
    </ClInclude>
    <ClInclude Include="includes\acl\core\compressed_tracks.h">
      <Filter>Header Files</Filter>
    </ClInclude>
    <ClInclude Include="includes\acl\core\compressed_tracks_version.h">
      <Filter>Header Files</Filter>
    </ClInclude>
    <ClInclude Include="includes\acl\core\enum_utils.h">
      <Filter>Header Files</Filter>
    </ClInclude>
    <ClInclude Include="includes\acl\core\error.h">
      <Filter>Header Files</Filter>
    </ClInclude>
    <ClInclude Include="includes\acl\core\error_result.h">
      <Filter>Header Files</Filter>
    </ClInclude>
    <ClInclude Include="includes\acl\core\floating_point_exceptions.h">
      <Filter>Header Files</Filter>
    </ClInclude>
    <ClInclude Include="includes\acl\core\fwd.h">
      <Filter>Header Files</Filter>
    </ClInclude>
    <ClInclude Include="includes\acl\core\hash.h">
      <Filter>Header Files</Filter>
    </ClInclude>
    <ClInclude Include="includes\acl\core\iallocator.h">
      <Filter>Header Files</Filter>
    </ClInclude>
    <ClInclude Include="includes\acl\core\impl\compiler_utils.h">
      <Filter>Header Files</Filter>
    </ClInclude>
    <ClInclude Include="includes\acl\core\impl\compressed_database.impl.h">
      <Filter>Header Files</Filter>
    </ClInclude>
    <ClInclude Include="includes\acl\core\impl\compressed_headers.h">
      <Filter>Header Files</Filter>
    </ClInclude>
    <ClInclude Include="includes\acl\core\impl\compressed_tracks.impl.h">
      <Filter>Header Files</Filter>
    </ClInclude>
    <ClInclude Include="includes\acl\core\impl\debug_track_writer.h">
      <Filter>Header Files</Filter>
    </ClInclude>
    <ClInclude Include="includes\acl\core\impl\interpolation_utils.impl.h">
      <Filter>Header Files</Filter>
    </ClInclude>
    <ClInclude Include="includes\acl\core\impl\time_utils.impl.h">
      <Filter>Header Files</Filter>
    </ClInclude>
    <ClInclude Include="includes\acl\core\impl\track_desc.impl.h">
      <Filter>Header Files</Filter>
    </ClInclude>
    <ClInclude Include="includes\acl\core\impl\track_formats.impl.h">
      <Filter>Header Files</Filter>
    </ClInclude>
    <ClInclude Include="includes\acl\core\impl\variable_bit_rates.h">
      <Filter>Header Files</Filter>
    </ClInclude>
    <ClInclude Include="includes\acl\core\interpolation_utils.h">
      <Filter>Header Files</Filter>
    </ClInclude>
    <ClInclude Include="includes\acl\core\iterator.h">
      <Filter>Header Files</Filter>
    </ClInclude>
    <ClInclude Include="includes\acl\core\memory_utils.h">
      <Filter>Header Files</Filter>
    </ClInclude>
    <ClInclude Include="includes\acl\core\ptr_offset.h">
      <Filter>Header Files</Filter>
    </ClInclude>
    <ClInclude Include="includes\acl\core\quality_tiers.h">
      <Filter>Header Files</Filter>
    </ClInclude>
    <ClInclude Include="includes\acl\core\range_reduction_types.h">
      <Filter>Header Files</Filter>
    </ClInclude>
    <ClInclude Include="includes\acl\core\sample_looping_policy.h">
      <Filter>Header Files</Filter>
    </ClInclude>
    <ClInclude Include="includes\acl\core\sample_rounding_policy.h">
      <Filter>Header Files</Filter>
    </ClInclude>
    <ClInclude Include="includes\acl\core\scope_profiler.h">
      <Filter>Header Files</Filter>
    </ClInclude>
    <ClInclude Include="includes\acl\core\string.h">
      <Filter>Header Files</Filter>
    </ClInclude>
    <ClInclude Include="includes\acl\core\time_utils.h">
      <Filter>Header Files</Filter>
    </ClInclude>
    <ClInclude Include="includes\acl\core\track_desc.h">
      <Filter>Header Files</Filter>
    </ClInclude>
    <ClInclude Include="includes\acl\core\track_formats.h">
      <Filter>Header Files</Filter>
    </ClInclude>
    <ClInclude Include="includes\acl\core\track_traits.h">
      <Filter>Header Files</Filter>
    </ClInclude>
    <ClInclude Include="includes\acl\core\track_types.h">
      <Filter>Header Files</Filter>
    </ClInclude>
    <ClInclude Include="includes\acl\core\track_writer.h">
      <Filter>Header Files</Filter>
    </ClInclude>
    <ClInclude Include="includes\acl\core\unique_ptr.h">
      <Filter>Header Files</Filter>
    </ClInclude>
    <ClInclude Include="includes\acl\core\utils.h">
      <Filter>Header Files</Filter>
    </ClInclude>
    <ClInclude Include="includes\acl\core\variable_bit_rates.h">
      <Filter>Header Files</Filter>
    </ClInclude>
    <ClInclude Include="includes\acl\decompression\database\database.h">
      <Filter>Header Files</Filter>
    </ClInclude>
    <ClInclude Include="includes\acl\decompression\database\database_settings.h">
      <Filter>Header Files</Filter>
    </ClInclude>
    <ClInclude Include="includes\acl\decompression\database\database_streamer.h">
      <Filter>Header Files</Filter>
    </ClInclude>
    <ClInclude Include="includes\acl\decompression\database\impl\database.impl.h">
      <Filter>Header Files</Filter>
    </ClInclude>
    <ClInclude Include="includes\acl\decompression\database\impl\database_context.h">
      <Filter>Header Files</Filter>
    </ClInclude>
    <ClInclude Include="includes\acl\decompression\database\impl\database_streamer.impl.h">
      <Filter>Header Files</Filter>
    </ClInclude>
    <ClInclude Include="includes\acl\decompression\database\impl\debug_database_streamer.h">
      <Filter>Header Files</Filter>
    </ClInclude>
    <ClInclude Include="includes\acl\decompression\database\null_database_streamer.h">
      <Filter>Header Files</Filter>
    </ClInclude>
    <ClInclude Include="includes\acl\decompression\decompress.h">
      <Filter>Header Files</Filter>
    </ClInclude>
    <ClInclude Include="includes\acl\decompression\decompression_settings.h">
      <Filter>Header Files</Filter>
    </ClInclude>
    <ClInclude Include="includes\acl\decompression\fwd.h">
      <Filter>Header Files</Filter>
    </ClInclude>
    <ClInclude Include="includes\acl\decompression\impl\decompress.impl.h">
      <Filter>Header Files</Filter>
    </ClInclude>
    <ClInclude Include="includes\acl\decompression\impl\decompression_context_selector.h">
      <Filter>Header Files</Filter>
    </ClInclude>
    <ClInclude Include="includes\acl\decompression\impl\decompression_version_selector.h">
      <Filter>Header Files</Filter>
    </ClInclude>
    <ClInclude Include="includes\acl\decompression\impl\scalar_track_decompression.h">
      <Filter>Header Files</Filter>
    </ClInclude>
    <ClInclude Include="includes\acl\decompression\impl\track_cache.h">
      <Filter>Header Files</Filter>
    </ClInclude>
    <ClInclude Include="includes\acl\decompression\impl\transform_animated_track_cache.h">
      <Filter>Header Files</Filter>
    </ClInclude>
    <ClInclude Include="includes\acl\decompression\impl\transform_constant_track_cache.h">
      <Filter>Header Files</Filter>
    </ClInclude>
    <ClInclude Include="includes\acl\decompression\impl\transform_decompression_context.h">
      <Filter>Header Files</Filter>
    </ClInclude>
    <ClInclude Include="includes\acl\decompression\impl\transform_track_decompression.h">
      <Filter>Header Files</Filter>
    </ClInclude>
    <ClInclude Include="includes\acl\decompression\impl\universal_track_decompression.h">
      <Filter>Header Files</Filter>
    </ClInclude>
    <ClInclude Include="includes\acl\fwd.h">
      <Filter>Header Files</Filter>
    </ClInclude>
    <ClInclude Include="includes\acl\io\clip_reader.h">
      <Filter>Header Files</Filter>
    </ClInclude>
    <ClInclude Include="includes\acl\io\clip_reader_error.h">
      <Filter>Header Files</Filter>
    </ClInclude>
    <ClInclude Include="includes\acl\io\clip_writer.h">
      <Filter>Header Files</Filter>
    </ClInclude>
    <ClInclude Include="includes\acl\io\fwd.h">
      <Filter>Header Files</Filter>
    </ClInclude>
    <ClInclude Include="includes\acl\math\quatf.h">
      <Filter>Header Files</Filter>
    </ClInclude>
    <ClInclude Include="includes\acl\math\quat_packing.h">
      <Filter>Header Files</Filter>
    </ClInclude>
    <ClInclude Include="includes\acl\math\qvvf.h">
      <Filter>Header Files</Filter>
    </ClInclude>
    <ClInclude Include="includes\acl\math\scalar_packing.h">
      <Filter>Header Files</Filter>
    </ClInclude>
    <ClInclude Include="includes\acl\math\vector4f.h">
      <Filter>Header Files</Filter>
    </ClInclude>
    <ClInclude Include="includes\acl\math\vector4_packing.h">
      <Filter>Header Files</Filter>
    </ClInclude>
    <ClInclude Include="includes\acl\version.h">
      <Filter>Header Files</Filter>
    </ClInclude>
  </ItemGroup>
</Project>